
Microsoft Visual Studio Solution File, Format Version 12.00
# Visual Studio 15
VisualStudioVersion = 15.0.28307.421
MinimumVisualStudioVersion = 10.0.40219.1
Project("{FAE04EC0-301F-11D3-BF4B-00C04F79EFBC}") = "HotelService", "HotelService\HotelService.csproj", "{10AF9155-2FBA-41F0-AAEE-2E9A75025F28}"
EndProject
Global
	GlobalSection(SolutionConfigurationPlatforms) = preSolution
		Debug|Any CPU = Debug|Any CPU
		Release|Any CPU = Release|Any CPU
	EndGlobalSection
	GlobalSection(ProjectConfigurationPlatforms) = postSolution
		{10AF9155-2FBA-41F0-AAEE-2E9A75025F28}.Debug|Any CPU.ActiveCfg = Debug|Any CPU
		{10AF9155-2FBA-41F0-AAEE-2E9A75025F28}.Debug|Any CPU.Build.0 = Debug|Any CPU
		{10AF9155-2FBA-41F0-AAEE-2E9A75025F28}.Release|Any CPU.ActiveCfg = Release|Any CPU
		{10AF9155-2FBA-41F0-AAEE-2E9A75025F28}.Release|Any CPU.Build.0 = Release|Any CPU
	EndGlobalSection
	GlobalSection(SolutionProperties) = preSolution
		HideSolutionNode = FALSE
	EndGlobalSection
	GlobalSection(ExtensibilityGlobals) = postSolution
		SolutionGuid = {08657C38-B2E4-4C75-B537-9B6031DCA317}
	EndGlobalSection
EndGlobal
